
Microsoft Visual Studio Solution File, Format Version 12.00
# Visual Studio Version 17
VisualStudioVersion = 17.4.33213.308
MinimumVisualStudioVersion = 10.0.40219.1
Project("{FAE04EC0-301F-11D3-BF4B-00C04F79EFBC}") = "TinyServer", "TinyServer.csproj", "{3722C1C8-6101-4705-BDE8-832640D75F11}"
EndProject
Global
	GlobalSection(SolutionConfigurationPlatforms) = preSolution
		Debug|Any CPU = Debug|Any CPU
		Release|Any CPU = Release|Any CPU
	EndGlobalSection
	GlobalSection(ProjectConfigurationPlatforms) = postSolution
		{3722C1C8-6101-4705-BDE8-832640D75F11}.Debug|Any CPU.ActiveCfg = Debug|Any CPU
		{3722C1C8-6101-4705-BDE8-832640D75F11}.Debug|Any CPU.Build.0 = Debug|Any CPU
		{3722C1C8-6101-4705-BDE8-832640D75F11}.Release|Any CPU.ActiveCfg = Release|Any CPU
		{3722C1C8-6101-4705-BDE8-832640D75F11}.Release|Any CPU.Build.0 = Release|Any CPU
	EndGlobalSection
	GlobalSection(SolutionProperties) = preSolution
		HideSolutionNode = FALSE
	EndGlobalSection
	GlobalSection(ExtensibilityGlobals) = postSolution
		SolutionGuid = {8E8EB91D-55F4-4395-8BEC-E8BE86FC86D3}
	EndGlobalSection
EndGlobal
